
Microsoft Visual Studio Solution File, Format Version 12.00
# Visual Studio Version 17
VisualStudioVersion = 17.3.32929.385
MinimumVisualStudioVersion = 10.0.40219.1
Project("{9A19103F-16F7-4668-BE54-9A1E7A4F7556}") = "ExtractorApi", "ExtractorApi\ExtractorApi.csproj", "{0BA5292E-A137-4FA1-883C-507417E44A18}"
EndProject
Global
	GlobalSection(SolutionConfigurationPlatforms) = preSolution
		Debug|Any CPU = Debug|Any CPU
		Release|Any CPU = Release|Any CPU
	EndGlobalSection
	GlobalSection(ProjectConfigurationPlatforms) = postSolution
		{0BA5292E-A137-4FA1-883C-507417E44A18}.Debug|Any CPU.ActiveCfg = Debug|Any CPU
		{0BA5292E-A137-4FA1-883C-507417E44A18}.Debug|Any CPU.Build.0 = Debug|Any CPU
		{0BA5292E-A137-4FA1-883C-507417E44A18}.Release|Any CPU.ActiveCfg = Release|Any CPU
		{0BA5292E-A137-4FA1-883C-507417E44A18}.Release|Any CPU.Build.0 = Release|Any CPU
	EndGlobalSection
	GlobalSection(SolutionProperties) = preSolution
		HideSolutionNode = FALSE
	EndGlobalSection
	GlobalSection(ExtensibilityGlobals) = postSolution
		SolutionGuid = {3DFE0B26-B6B0-4A5F-83F6-297211045AF1}
	EndGlobalSection
EndGlobal
